Microsoft Visual Studio Solution File, Format Version 12.00
# Visual Studio Version 17
VisualStudioVersion = 17.0.31903.59
MinimumVisualStudioVersion = 10.0.40219.1
Project("{FAE04EC0-301F-11D3-BF4B-00C04F79EFBC}") = "eGPUBridge.App", "src\eGPUBridge.App\eGPUBridge.App.csproj", "{8C249E5C-91BA-4D5A-AF97-09B4BB659E31}"
EndProject
Project("{FAE04EC0-301F-11D3-BF4B-00C04F79EFBC}") = "eGPUBridge.App.Tests", "tests\eGPUBridge.App.Tests\eGPUBridge.App.Tests.csproj", "{4D006E21-BD02-49AC-8B80-206D44E77716}"
EndProject
Global
	GlobalSection(SolutionConfigurationPlatforms) = preSolution
		Debug|Any CPU = Debug|Any CPU
		Release|Any CPU = Release|Any CPU
	EndGlobalSection
	GlobalSection(ProjectConfigurationPlatforms) = postSolution
		{8C249E5C-91BA-4D5A-AF97-09B4BB659E31}.Debug|Any CPU.ActiveCfg = Debug|Any CPU
		{8C249E5C-91BA-4D5A-AF97-09B4BB659E31}.Debug|Any CPU.Build.0 = Debug|Any CPU
		{8C249E5C-91BA-4D5A-AF97-09B4BB659E31}.Release|Any CPU.ActiveCfg = Release|Any CPU
		{8C249E5C-91BA-4D5A-AF97-09B4BB659E31}.Release|Any CPU.Build.0 = Release|Any CPU
		{4D006E21-BD02-49AC-8B80-206D44E77716}.Debug|Any CPU.ActiveCfg = Debug|Any CPU
		{4D006E21-BD02-49AC-8B80-206D44E77716}.Debug|Any CPU.Build.0 = Debug|Any CPU
		{4D006E21-BD02-49AC-8B80-206D44E77716}.Release|Any CPU.ActiveCfg = Release|Any CPU
		{4D006E21-BD02-49AC-8B80-206D44E77716}.Release|Any CPU.Build.0 = Release|Any CPU
	EndGlobalSection
EndGlobal

